
Microsoft Visual Studio Solution File, Format Version 12.00
# Visual Studio Version 17
VisualStudioVersion = 17.3.32819.101
MinimumVisualStudioVersion = 10.0.40219.1
Project("{FAE04EC0-301F-11D3-BF4B-00C04F79EFBC}") = "HomeWorkOOP10", "HomeWorkOOP10.csproj", "{D9D9CDA6-3327-4C27-A08D-C603B8FA4FA0}"
EndProject
Global
	GlobalSection(SolutionConfigurationPlatforms) = preSolution
		Debug|Any CPU = Debug|Any CPU
		Release|Any CPU = Release|Any CPU
	EndGlobalSection
	GlobalSection(ProjectConfigurationPlatforms) = postSolution
		{D9D9CDA6-3327-4C27-A08D-C603B8FA4FA0}.Debug|Any CPU.ActiveCfg = Debug|Any CPU
		{D9D9CDA6-3327-4C27-A08D-C603B8FA4FA0}.Debug|Any CPU.Build.0 = Debug|Any CPU
		{D9D9CDA6-3327-4C27-A08D-C603B8FA4FA0}.Release|Any CPU.ActiveCfg = Release|Any CPU
		{D9D9CDA6-3327-4C27-A08D-C603B8FA4FA0}.Release|Any CPU.Build.0 = Release|Any CPU
	EndGlobalSection
	GlobalSection(SolutionProperties) = preSolution
		HideSolutionNode = FALSE
	EndGlobalSection
	GlobalSection(ExtensibilityGlobals) = postSolution
		SolutionGuid = {463B83DA-E28B-435F-8764-84795F707E9C}
	EndGlobalSection
EndGlobal
